# This file was autogenerated by Stack.
# You should not edit this file by hand.
# For more information, please see the documentation at:
#   https://docs.haskellstack.org/en/stable/lock_files

packages:
- completed:
    hackage: data-tree-print-0.1.0.2@sha256:d845e99f322df70e0c06d6743bf80336f5918d5423498528beb0593a2afc1703,1620
    pantry-tree:
      size: 272
      sha256: b8778eb1b16fddb91b2eed2b25f33a89d1e4f7a533160de4ccbf226f82456135
  original:
    hackage: data-tree-print-0.1.0.2@sha256:d845e99f322df70e0c06d6743bf80336f5918d5423498528beb0593a2afc1703,1620
snapshots:
- completed:
    size: 587546
    url: https://raw.githubusercontent.com/commercialhaskell/stackage-snapshots/master/lts/18/10.yaml
    sha256: 88b4f81e162ba3adc230a9fcccc4d19ac116377656bab56c7382ca88598b257a
  original:
    url: https://raw.githubusercontent.com/commercialhaskell/stackage-snapshots/master/lts/18/10.yaml
